<?xml version="1.0" encoding="utf-8"?>
<Project ToolsVersion="4.0" xmlns="http://schemas.microsoft.com/developer/msbuild/2003">
  <ItemGroup>
    <Filter Include="Platforms">
      <UniqueIdentifier>{ee72b216-fa9d-44d5-ab0d-c5bc14f08bb5}</UniqueIdentifier>
    </Filter>
    <Filter Include="Platforms\win32">
      <UniqueIdentifier>{917fb40f-fc6d-4ee9-9a20-26debabe41aa}</UniqueIdentifier>
    </Filter>
    <Filter Include="Core">
      <UniqueIdentifier>{479b9fca-552a-4649-b742-1e94eb9165a8}</UniqueIdentifier>
    </Filter>
    <Filter Include="Core\Headers">
      <UniqueIdentifier>{872111a0-3076-4fe5-8228-099539efba95}</UniqueIdentifier>
    </Filter>
    <Filter Include="Core\Source">
      <UniqueIdentifier>{f1bfb456-6b35-4119-8615-0978f7b1c2d6}</UniqueIdentifier>
    </Filter>
    <Filter Include="Libs">
      <UniqueIdentifier>{e6a1dc48-4219-4b26-86ff-cca6c24253b2}</UniqueIdentifier>
    </Filter>
    <Filter Include="Libs\Headers">
      <UniqueIdentifier>{1e0db31f-25be-4c75-9026-10de25f3941f}</UniqueIdentifier>
    </Filter>
    <Filter Include="Libs\Source">
      <UniqueIdentifier>{93baa382-2567-4ae0-b51d-97ab56688646}</UniqueIdentifier>
    </Filter>
  </ItemGroup>
  <ItemGroup>
    <ClCompile Include="main.cpp">
      <Filter>Platforms\win32</Filter>
    </ClCompile>
    <ClCompile Include="..\..\..\..\cocos2d-2.0-x-2.0.4\scripting\lua\cocos2dx_support\CCLuaEngine.cpp">
      <Filter>Libs\Source</Filter>
    </ClCompile>
    <ClCompile Include="..\..\..\..\cocos2d-2.0-x-2.0.4\scripting\lua\cocos2dx_support\Cocos2dxLuaLoader.cpp">
      <Filter>Libs\Source</Filter>
    </ClCompile>
    <ClCompile Include="..\..\..\..\cocos2d-2.0-x-2.0.4\scripting\lua\cocos2dx_support\LuaCocos2d.cpp">
      <Filter>Libs\Source</Filter>
    </ClCompile>
    <ClCompile Include="..\..\..\..\cocos2d-2.0-x-2.0.4\scripting\lua\cocos2dx_support\tolua_fix.c">
      <Filter>Libs\Source</Filter>
    </ClCompile>
    <ClCompile Include="..\Classes\AppDelegate.cpp">
      <Filter>Core\Source</Filter>
    </ClCompile>
  </ItemGroup>
  <ItemGroup>
    <ClInclude Include="main.h">
      <Filter>Platforms\win32</Filter>
    </ClInclude>
    <ClInclude Include="..\..\..\..\cocos2d-2.0-x-2.0.4\scripting\lua\cocos2dx_support\CCLuaEngine.h">
      <Filter>Libs\Headers</Filter>
    </ClInclude>
    <ClInclude Include="..\..\..\..\cocos2d-2.0-x-2.0.4\scripting\lua\cocos2dx_support\Cocos2dxLuaLoader.h">
      <Filter>Libs\Headers</Filter>
    </ClInclude>
    <ClInclude Include="..\..\..\..\cocos2d-2.0-x-2.0.4\scripting\lua\cocos2dx_support\LuaCocos2d.h">
      <Filter>Libs\Headers</Filter>
    </ClInclude>
    <ClInclude Include="..\..\..\..\cocos2d-2.0-x-2.0.4\scripting\lua\cocos2dx_support\tolua_fix.h">
      <Filter>Libs\Headers</Filter>
    </ClInclude>
    <ClInclude Include="..\Classes\AppDelegate.h">
      <Filter>Core\Headers</Filter>
    </ClInclude>
  </ItemGroup>
</Project>